
Microsoft Visual Studio Solution File, Format Version 12.00
# Visual Studio 15
VisualStudioVersion = 15.0.27703.2042
MinimumVisualStudioVersion = 10.0.40219.1
Project("{FAE04EC0-301F-11D3-BF4B-00C04F79EFBC}") = "Vipsky", "VipGuardAccounter\Vipsky.csproj", "{13B994C7-960D-423F-8302-2EBA7983FF11}"
EndProject
Project("{FAE04EC0-301F-11D3-BF4B-00C04F79EFBC}") = "Common.Infrastructure", "Common.Infrastructure\Common.Infrastructure.csproj", "{5BAC05BD-2FD1-481C-A5F4-AF5FAB8AEBB0}"
EndProject
Project("{FAE04EC0-301F-11D3-BF4B-00C04F79EFBC}") = "Common.Repository", "Common.Repository\Common.Repository.csproj", "{8C028812-6BE3-4188-B355-FAF8ECC929C2}"
EndProject
Project("{FAE04EC0-301F-11D3-BF4B-00C04F79EFBC}") = "VGA.Detail", "VGA.Detail\VGA.Detail.csproj", "{A9B3762E-7371-4662-8A34-C8E0A4D9B607}"
	ProjectSection(ProjectDependencies) = postProject
		{C5A9FE9E-60CC-4D12-88B6-CADABC1FF7DF} = {C5A9FE9E-60CC-4D12-88B6-CADABC1FF7DF}
	EndProjectSection
EndProject
Project("{2150E333-8FDC-42A3-9474-1A3956D46DE8}") = "VGA.Common", "VGA.Common", "{087CA0B9-6567-4A55-8DB5-6DA723EF5CD0}"
EndProject
Project("{FAE04EC0-301F-11D3-BF4B-00C04F79EFBC}") = "VGA.Menu", "VGA.Menu\VGA.Menu.csproj", "{FF7217F5-25EA-4323-B93B-B584AFF3B325}"
EndProject
Project("{FAE04EC0-301F-11D3-BF4B-00C04F79EFBC}") = "Common.Navigation", "Common.Navigation\Common.Navigation.csproj", "{7D2195B1-CACF-4AB4-9E54-9737CDC407C2}"
EndProject
Project("{FAE04EC0-301F-11D3-BF4B-00C04F79EFBC}") = "VGA.Filter", "VGA.Filter\VGA.Filter.csproj", "{47A7BA2D-B121-4494-B72B-8833DB8017F8}"
	ProjectSection(ProjectDependencies) = postProject
		{C5A9FE9E-60CC-4D12-88B6-CADABC1FF7DF} = {C5A9FE9E-60CC-4D12-88B6-CADABC1FF7DF}
	EndProjectSection
EndProject
Project("{FAE04EC0-301F-11D3-BF4B-00C04F79EFBC}") = "VGA.Index", "VGA.Index\VGA.Index.csproj", "{35C1DB30-CEE9-4E11-8BD2-54C90A793349}"
EndProject
Project("{FAE04EC0-301F-11D3-BF4B-00C04F79EFBC}") = "VGA.MainContent", "VGA.MainContent\VGA.MainContent.csproj", "{C736F6C6-E204-4375-BACA-68AE0CBCC15C}"
EndProject
Project("{FAE04EC0-301F-11D3-BF4B-00C04F79EFBC}") = "Common.MVVM", "Common.MVVM\Common.MVVM.csproj", "{C2C54B2A-7B05-4021-B0D3-4A652C56A6CD}"
EndProject
Project("{FAE04EC0-301F-11D3-BF4B-00C04F79EFBC}") = "VGA.Editor", "VGA.Editor\VGA.Editor.csproj", "{0E118E3E-48D8-4E50-B95B-CDC162882930}"
	ProjectSection(ProjectDependencies) = postProject
		{C5A9FE9E-60CC-4D12-88B6-CADABC1FF7DF} = {C5A9FE9E-60CC-4D12-88B6-CADABC1FF7DF}
	EndProjectSection
EndProject
Project("{FAE04EC0-301F-11D3-BF4B-00C04F79EFBC}") = "VGA.StartMenu", "VGA.StartMenu\VGA.StartMenu.csproj", "{03BC2178-CE67-4CDF-A9E5-9475A6698B02}"
	ProjectSection(ProjectDependencies) = postProject
		{C5A9FE9E-60CC-4D12-88B6-CADABC1FF7DF} = {C5A9FE9E-60CC-4D12-88B6-CADABC1FF7DF}
	EndProjectSection
EndProject
Project("{FAE04EC0-301F-11D3-BF4B-00C04F79EFBC}") = "Common.UI", "Common.UI\Common.UI.csproj", "{C5A9FE9E-60CC-4D12-88B6-CADABC1FF7DF}"
EndProject
Project("{2150E333-8FDC-42A3-9474-1A3956D46DE8}") = "VGA.Modules", "VGA.Modules", "{AA83322A-33E5-457F-AC66-9B727CBFD212}"
EndProject
Project("{FAE04EC0-301F-11D3-BF4B-00C04F79EFBC}") = "VGA.Orders", "VGA.Orders\VGA.Orders.csproj", "{8B4968A4-2253-40E3-B6CA-25C0F4C39DD3}"
EndProject
Project("{2150E333-8FDC-42A3-9474-1A3956D46DE8}") = "VGA.Installer", "VGA.Installer", "{11723303-9E82-482D-A808-6AF72FD37761}"
EndProject
Project("{FAE04EC0-301F-11D3-BF4B-00C04F79EFBC}") = "VGA.Install.Bootstrapper", "VGA.Install.Bootstrapper\VGA.Install.Bootstrapper.csproj", "{54BA1FE8-1EF6-4E9B-B806-07B98A30CD4E}"
EndProject
Project("{930C7802-8A8C-48F9-8165-68863BCCD9DD}") = "VGA.Install.Client", "VGA.Install.Client\VGA.Install.Client.wixproj", "{EE11B037-2D65-4E53-8C9D-76120F1D6839}"
EndProject
Project("{930C7802-8A8C-48F9-8165-68863BCCD9DD}") = "VGA.Installer", "VGA.Installer\VGA.Installer.wixproj", "{50CC7B3D-14C9-445D-ABB1-A8F59AF36423}"
EndProject
Project("{2150E333-8FDC-42A3-9474-1A3956D46DE8}") = "VGA.DB", "VGA.DB", "{1351CA99-4546-44DE-8BFB-0DB8BFDCAF99}"
EndProject
Global
	GlobalSection(SolutionConfigurationPlatforms) = preSolution
		Debug|Any CPU = Debug|Any CPU
		Debug|x64 = Debug|x64
		Debug|x86 = Debug|x86
		Release|Any CPU = Release|Any CPU
		Release|x64 = Release|x64
		Release|x86 = Release|x86
	EndGlobalSection
	GlobalSection(ProjectConfigurationPlatforms) = postSolution
		{13B994C7-960D-423F-8302-2EBA7983FF11}.Debug|Any CPU.ActiveCfg = Debug|Any CPU
		{13B994C7-960D-423F-8302-2EBA7983FF11}.Debug|Any CPU.Build.0 = Debug|Any CPU
		{13B994C7-960D-423F-8302-2EBA7983FF11}.Debug|x64.ActiveCfg = Debug|x64
		{13B994C7-960D-423F-8302-2EBA7983FF11}.Debug|x64.Build.0 = Debug|x64
		{13B994C7-960D-423F-8302-2EBA7983FF11}.Debug|x86.ActiveCfg = Debug|Any CPU
		{13B994C7-960D-423F-8302-2EBA7983FF11}.Debug|x86.Build.0 = Debug|Any CPU
		{13B994C7-960D-423F-8302-2EBA7983FF11}.Release|Any CPU.ActiveCfg = Release|Any CPU
		{13B994C7-960D-423F-8302-2EBA7983FF11}.Release|Any CPU.Build.0 = Release|Any CPU
		{13B994C7-960D-423F-8302-2EBA7983FF11}.Release|x64.ActiveCfg = Release|x64
		{13B994C7-960D-423F-8302-2EBA7983FF11}.Release|x64.Build.0 = Release|x64
		{13B994C7-960D-423F-8302-2EBA7983FF11}.Release|x86.ActiveCfg = Release|Any CPU
		{13B994C7-960D-423F-8302-2EBA7983FF11}.Release|x86.Build.0 = Release|Any CPU
		{5BAC05BD-2FD1-481C-A5F4-AF5FAB8AEBB0}.Debug|Any CPU.ActiveCfg = Debug|Any CPU
		{5BAC05BD-2FD1-481C-A5F4-AF5FAB8AEBB0}.Debug|Any CPU.Build.0 = Debug|Any CPU
		{5BAC05BD-2FD1-481C-A5F4-AF5FAB8AEBB0}.Debug|x64.ActiveCfg = Debug|x64
		{5BAC05BD-2FD1-481C-A5F4-AF5FAB8AEBB0}.Debug|x64.Build.0 = Debug|x64
		{5BAC05BD-2FD1-481C-A5F4-AF5FAB8AEBB0}.Debug|x86.ActiveCfg = Debug|Any CPU
		{5BAC05BD-2FD1-481C-A5F4-AF5FAB8AEBB0}.Debug|x86.Build.0 = Debug|Any CPU
		{5BAC05BD-2FD1-481C-A5F4-AF5FAB8AEBB0}.Release|Any CPU.ActiveCfg = Release|Any CPU
		{5BAC05BD-2FD1-481C-A5F4-AF5FAB8AEBB0}.Release|Any CPU.Build.0 = Release|Any CPU
		{5BAC05BD-2FD1-481C-A5F4-AF5FAB8AEBB0}.Release|x64.ActiveCfg = Release|x64
		{5BAC05BD-2FD1-481C-A5F4-AF5FAB8AEBB0}.Release|x64.Build.0 = Release|x64
		{5BAC05BD-2FD1-481C-A5F4-AF5FAB8AEBB0}.Release|x86.ActiveCfg = Release|Any CPU
		{5BAC05BD-2FD1-481C-A5F4-AF5FAB8AEBB0}.Release|x86.Build.0 = Release|Any CPU
		{8C028812-6BE3-4188-B355-FAF8ECC929C2}.Debug|Any CPU.ActiveCfg = Debug|Any CPU
		{8C028812-6BE3-4188-B355-FAF8ECC929C2}.Debug|Any CPU.Build.0 = Debug|Any CPU
		{8C028812-6BE3-4188-B355-FAF8ECC929C2}.Debug|x64.ActiveCfg = Debug|x64
		{8C028812-6BE3-4188-B355-FAF8ECC929C2}.Debug|x64.Build.0 = Debug|x64
		{8C028812-6BE3-4188-B355-FAF8ECC929C2}.Debug|x86.ActiveCfg = Debug|Any CPU
		{8C028812-6BE3-4188-B355-FAF8ECC929C2}.Debug|x86.Build.0 = Debug|Any CPU
		{8C028812-6BE3-4188-B355-FAF8ECC929C2}.Release|Any CPU.ActiveCfg = Release|Any CPU
		{8C028812-6BE3-4188-B355-FAF8ECC929C2}.Release|Any CPU.Build.0 = Release|Any CPU
		{8C028812-6BE3-4188-B355-FAF8ECC929C2}.Release|x64.ActiveCfg = Release|x64
		{8C028812-6BE3-4188-B355-FAF8ECC929C2}.Release|x64.Build.0 = Release|x64
		{8C028812-6BE3-4188-B355-FAF8ECC929C2}.Release|x86.ActiveCfg = Release|Any CPU
		{8C028812-6BE3-4188-B355-FAF8ECC929C2}.Release|x86.Build.0 = Release|Any CPU
		{A9B3762E-7371-4662-8A34-C8E0A4D9B607}.Debug|Any CPU.ActiveCfg = Debug|Any CPU
		{A9B3762E-7371-4662-8A34-C8E0A4D9B607}.Debug|Any CPU.Build.0 = Debug|Any CPU
		{A9B3762E-7371-4662-8A34-C8E0A4D9B607}.Debug|x64.ActiveCfg = Debug|x64
		{A9B3762E-7371-4662-8A34-C8E0A4D9B607}.Debug|x64.Build.0 = Debug|x64
		{A9B3762E-7371-4662-8A34-C8E0A4D9B607}.Debug|x86.ActiveCfg = Debug|Any CPU
		{A9B3762E-7371-4662-8A34-C8E0A4D9B607}.Debug|x86.Build.0 = Debug|Any CPU
		{A9B3762E-7371-4662-8A34-C8E0A4D9B607}.Release|Any CPU.ActiveCfg = Release|Any CPU
		{A9B3762E-7371-4662-8A34-C8E0A4D9B607}.Release|Any CPU.Build.0 = Release|Any CPU
		{A9B3762E-7371-4662-8A34-C8E0A4D9B607}.Release|x64.ActiveCfg = Release|x64
		{A9B3762E-7371-4662-8A34-C8E0A4D9B607}.Release|x64.Build.0 = Release|x64
		{A9B3762E-7371-4662-8A34-C8E0A4D9B607}.Release|x86.ActiveCfg = Release|Any CPU
		{A9B3762E-7371-4662-8A34-C8E0A4D9B607}.Release|x86.Build.0 = Release|Any CPU
		{FF7217F5-25EA-4323-B93B-B584AFF3B325}.Debug|Any CPU.ActiveCfg = Debug|Any CPU
		{FF7217F5-25EA-4323-B93B-B584AFF3B325}.Debug|Any CPU.Build.0 = Debug|Any CPU
		{FF7217F5-25EA-4323-B93B-B584AFF3B325}.Debug|x64.ActiveCfg = Debug|x64
		{FF7217F5-25EA-4323-B93B-B584AFF3B325}.Debug|x64.Build.0 = Debug|x64
		{FF7217F5-25EA-4323-B93B-B584AFF3B325}.Debug|x86.ActiveCfg = Debug|Any CPU
		{FF7217F5-25EA-4323-B93B-B584AFF3B325}.Debug|x86.Build.0 = Debug|Any CPU
		{FF7217F5-25EA-4323-B93B-B584AFF3B325}.Release|Any CPU.ActiveCfg = Release|Any CPU
		{FF7217F5-25EA-4323-B93B-B584AFF3B325}.Release|Any CPU.Build.0 = Release|Any CPU
		{FF7217F5-25EA-4323-B93B-B584AFF3B325}.Release|x64.ActiveCfg = Release|x64
		{FF7217F5-25EA-4323-B93B-B584AFF3B325}.Release|x64.Build.0 = Release|x64
		{FF7217F5-25EA-4323-B93B-B584AFF3B325}.Release|x86.ActiveCfg = Release|Any CPU
		{FF7217F5-25EA-4323-B93B-B584AFF3B325}.Release|x86.Build.0 = Release|Any CPU
		{7D2195B1-CACF-4AB4-9E54-9737CDC407C2}.Debug|Any CPU.ActiveCfg = Debug|Any CPU
		{7D2195B1-CACF-4AB4-9E54-9737CDC407C2}.Debug|Any CPU.Build.0 = Debug|Any CPU
		{7D2195B1-CACF-4AB4-9E54-9737CDC407C2}.Debug|x64.ActiveCfg = Debug|x64
		{7D2195B1-CACF-4AB4-9E54-9737CDC407C2}.Debug|x64.Build.0 = Debug|x64
		{7D2195B1-CACF-4AB4-9E54-9737CDC407C2}.Debug|x86.ActiveCfg = Debug|Any CPU
		{7D2195B1-CACF-4AB4-9E54-9737CDC407C2}.Debug|x86.Build.0 = Debug|Any CPU
		{7D2195B1-CACF-4AB4-9E54-9737CDC407C2}.Release|Any CPU.ActiveCfg = Release|Any CPU
		{7D2195B1-CACF-4AB4-9E54-9737CDC407C2}.Release|Any CPU.Build.0 = Release|Any CPU
		{7D2195B1-CACF-4AB4-9E54-9737CDC407C2}.Release|x64.ActiveCfg = Release|x64
		{7D2195B1-CACF-4AB4-9E54-9737CDC407C2}.Release|x64.Build.0 = Release|x64
		{7D2195B1-CACF-4AB4-9E54-9737CDC407C2}.Release|x86.ActiveCfg = Release|Any CPU
		{7D2195B1-CACF-4AB4-9E54-9737CDC407C2}.Release|x86.Build.0 = Release|Any CPU
		{47A7BA2D-B121-4494-B72B-8833DB8017F8}.Debug|Any CPU.ActiveCfg = Debug|Any CPU
		{47A7BA2D-B121-4494-B72B-8833DB8017F8}.Debug|Any CPU.Build.0 = Debug|Any CPU
		{47A7BA2D-B121-4494-B72B-8833DB8017F8}.Debug|x64.ActiveCfg = Debug|x64
		{47A7BA2D-B121-4494-B72B-8833DB8017F8}.Debug|x64.Build.0 = Debug|x64
		{47A7BA2D-B121-4494-B72B-8833DB8017F8}.Debug|x86.ActiveCfg = Debug|Any CPU
		{47A7BA2D-B121-4494-B72B-8833DB8017F8}.Debug|x86.Build.0 = Debug|Any CPU
		{47A7BA2D-B121-4494-B72B-8833DB8017F8}.Release|Any CPU.ActiveCfg = Release|Any CPU
		{47A7BA2D-B121-4494-B72B-8833DB8017F8}.Release|Any CPU.Build.0 = Release|Any CPU
		{47A7BA2D-B121-4494-B72B-8833DB8017F8}.Release|x64.ActiveCfg = Release|x64
		{47A7BA2D-B121-4494-B72B-8833DB8017F8}.Release|x64.Build.0 = Release|x64
		{47A7BA2D-B121-4494-B72B-8833DB8017F8}.Release|x86.ActiveCfg = Release|Any CPU
		{47A7BA2D-B121-4494-B72B-8833DB8017F8}.Release|x86.Build.0 = Release|Any CPU
		{35C1DB30-CEE9-4E11-8BD2-54C90A793349}.Debug|Any CPU.ActiveCfg = Debug|Any CPU
		{35C1DB30-CEE9-4E11-8BD2-54C90A793349}.Debug|Any CPU.Build.0 = Debug|Any CPU
		{35C1DB30-CEE9-4E11-8BD2-54C90A793349}.Debug|x64.ActiveCfg = Debug|x64
		{35C1DB30-CEE9-4E11-8BD2-54C90A793349}.Debug|x64.Build.0 = Debug|x64
		{35C1DB30-CEE9-4E11-8BD2-54C90A793349}.Debug|x86.ActiveCfg = Debug|Any CPU
		{35C1DB30-CEE9-4E11-8BD2-54C90A793349}.Debug|x86.Build.0 = Debug|Any CPU
		{35C1DB30-CEE9-4E11-8BD2-54C90A793349}.Release|Any CPU.ActiveCfg = Release|Any CPU
		{35C1DB30-CEE9-4E11-8BD2-54C90A793349}.Release|Any CPU.Build.0 = Release|Any CPU
		{35C1DB30-CEE9-4E11-8BD2-54C90A793349}.Release|x64.ActiveCfg = Release|x64
		{35C1DB30-CEE9-4E11-8BD2-54C90A793349}.Release|x64.Build.0 = Release|x64
		{35C1DB30-CEE9-4E11-8BD2-54C90A793349}.Release|x86.ActiveCfg = Release|Any CPU
		{35C1DB30-CEE9-4E11-8BD2-54C90A793349}.Release|x86.Build.0 = Release|Any CPU
		{C736F6C6-E204-4375-BACA-68AE0CBCC15C}.Debug|Any CPU.ActiveCfg = Debug|Any CPU
		{C736F6C6-E204-4375-BACA-68AE0CBCC15C}.Debug|Any CPU.Build.0 = Debug|Any CPU
		{C736F6C6-E204-4375-BACA-68AE0CBCC15C}.Debug|x64.ActiveCfg = Debug|x64
		{C736F6C6-E204-4375-BACA-68AE0CBCC15C}.Debug|x64.Build.0 = Debug|x64
		{C736F6C6-E204-4375-BACA-68AE0CBCC15C}.Debug|x86.ActiveCfg = Debug|Any CPU
		{C736F6C6-E204-4375-BACA-68AE0CBCC15C}.Debug|x86.Build.0 = Debug|Any CPU
		{C736F6C6-E204-4375-BACA-68AE0CBCC15C}.Release|Any CPU.ActiveCfg = Release|Any CPU
		{C736F6C6-E204-4375-BACA-68AE0CBCC15C}.Release|Any CPU.Build.0 = Release|Any CPU
		{C736F6C6-E204-4375-BACA-68AE0CBCC15C}.Release|x64.ActiveCfg = Release|x64
		{C736F6C6-E204-4375-BACA-68AE0CBCC15C}.Release|x64.Build.0 = Release|x64
		{C736F6C6-E204-4375-BACA-68AE0CBCC15C}.Release|x86.ActiveCfg = Release|Any CPU
		{C736F6C6-E204-4375-BACA-68AE0CBCC15C}.Release|x86.Build.0 = Release|Any CPU
		{C2C54B2A-7B05-4021-B0D3-4A652C56A6CD}.Debug|Any CPU.ActiveCfg = Debug|Any CPU
		{C2C54B2A-7B05-4021-B0D3-4A652C56A6CD}.Debug|Any CPU.Build.0 = Debug|Any CPU
		{C2C54B2A-7B05-4021-B0D3-4A652C56A6CD}.Debug|x64.ActiveCfg = Debug|x64
		{C2C54B2A-7B05-4021-B0D3-4A652C56A6CD}.Debug|x64.Build.0 = Debug|x64
		{C2C54B2A-7B05-4021-B0D3-4A652C56A6CD}.Debug|x86.ActiveCfg = Debug|Any CPU
		{C2C54B2A-7B05-4021-B0D3-4A652C56A6CD}.Debug|x86.Build.0 = Debug|Any CPU
		{C2C54B2A-7B05-4021-B0D3-4A652C56A6CD}.Release|Any CPU.ActiveCfg = Release|Any CPU
		{C2C54B2A-7B05-4021-B0D3-4A652C56A6CD}.Release|Any CPU.Build.0 = Release|Any CPU
		{C2C54B2A-7B05-4021-B0D3-4A652C56A6CD}.Release|x64.ActiveCfg = Release|x64
		{C2C54B2A-7B05-4021-B0D3-4A652C56A6CD}.Release|x64.Build.0 = Release|x64
		{C2C54B2A-7B05-4021-B0D3-4A652C56A6CD}.Release|x86.ActiveCfg = Release|Any CPU
		{C2C54B2A-7B05-4021-B0D3-4A652C56A6CD}.Release|x86.Build.0 = Release|Any CPU
		{0E118E3E-48D8-4E50-B95B-CDC162882930}.Debug|Any CPU.ActiveCfg = Debug|Any CPU
		{0E118E3E-48D8-4E50-B95B-CDC162882930}.Debug|Any CPU.Build.0 = Debug|Any CPU
		{0E118E3E-48D8-4E50-B95B-CDC162882930}.Debug|x64.ActiveCfg = Debug|x64
		{0E118E3E-48D8-4E50-B95B-CDC162882930}.Debug|x64.Build.0 = Debug|x64
		{0E118E3E-48D8-4E50-B95B-CDC162882930}.Debug|x86.ActiveCfg = Debug|Any CPU
		{0E118E3E-48D8-4E50-B95B-CDC162882930}.Debug|x86.Build.0 = Debug|Any CPU
		{0E118E3E-48D8-4E50-B95B-CDC162882930}.Release|Any CPU.ActiveCfg = Release|Any CPU
		{0E118E3E-48D8-4E50-B95B-CDC162882930}.Release|Any CPU.Build.0 = Release|Any CPU
		{0E118E3E-48D8-4E50-B95B-CDC162882930}.Release|x64.ActiveCfg = Release|x64
		{0E118E3E-48D8-4E50-B95B-CDC162882930}.Release|x64.Build.0 = Release|x64
		{0E118E3E-48D8-4E50-B95B-CDC162882930}.Release|x86.ActiveCfg = Release|Any CPU
		{0E118E3E-48D8-4E50-B95B-CDC162882930}.Release|x86.Build.0 = Release|Any CPU
		{03BC2178-CE67-4CDF-A9E5-9475A6698B02}.Debug|Any CPU.ActiveCfg = Debug|Any CPU
		{03BC2178-CE67-4CDF-A9E5-9475A6698B02}.Debug|Any CPU.Build.0 = Debug|Any CPU
		{03BC2178-CE67-4CDF-A9E5-9475A6698B02}.Debug|x64.ActiveCfg = Debug|x64
		{03BC2178-CE67-4CDF-A9E5-9475A6698B02}.Debug|x64.Build.0 = Debug|x64
		{03BC2178-CE67-4CDF-A9E5-9475A6698B02}.Debug|x86.ActiveCfg = Debug|Any CPU
		{03BC2178-CE67-4CDF-A9E5-9475A6698B02}.Debug|x86.Build.0 = Debug|Any CPU
		{03BC2178-CE67-4CDF-A9E5-9475A6698B02}.Release|Any CPU.ActiveCfg = Release|Any CPU
		{03BC2178-CE67-4CDF-A9E5-9475A6698B02}.Release|Any CPU.Build.0 = Release|Any CPU
		{03BC2178-CE67-4CDF-A9E5-9475A6698B02}.Release|x64.ActiveCfg = Release|x64
		{03BC2178-CE67-4CDF-A9E5-9475A6698B02}.Release|x64.Build.0 = Release|x64
		{03BC2178-CE67-4CDF-A9E5-9475A6698B02}.Release|x86.ActiveCfg = Release|Any CPU
		{03BC2178-CE67-4CDF-A9E5-9475A6698B02}.Release|x86.Build.0 = Release|Any CPU
		{C5A9FE9E-60CC-4D12-88B6-CADABC1FF7DF}.Debug|Any CPU.ActiveCfg = Debug|Any CPU
		{C5A9FE9E-60CC-4D12-88B6-CADABC1FF7DF}.Debug|Any CPU.Build.0 = Debug|Any CPU
		{C5A9FE9E-60CC-4D12-88B6-CADABC1FF7DF}.Debug|x64.ActiveCfg = Debug|x64
		{C5A9FE9E-60CC-4D12-88B6-CADABC1FF7DF}.Debug|x64.Build.0 = Debug|x64
		{C5A9FE9E-60CC-4D12-88B6-CADABC1FF7DF}.Debug|x86.ActiveCfg = Debug|Any CPU
		{C5A9FE9E-60CC-4D12-88B6-CADABC1FF7DF}.Debug|x86.Build.0 = Debug|Any CPU
		{C5A9FE9E-60CC-4D12-88B6-CADABC1FF7DF}.Release|Any CPU.ActiveCfg = Release|Any CPU
		{C5A9FE9E-60CC-4D12-88B6-CADABC1FF7DF}.Release|Any CPU.Build.0 = Release|Any CPU
		{C5A9FE9E-60CC-4D12-88B6-CADABC1FF7DF}.Release|x64.ActiveCfg = Release|x64
		{C5A9FE9E-60CC-4D12-88B6-CADABC1FF7DF}.Release|x64.Build.0 = Release|x64
		{C5A9FE9E-60CC-4D12-88B6-CADABC1FF7DF}.Release|x86.ActiveCfg = Release|Any CPU
		{C5A9FE9E-60CC-4D12-88B6-CADABC1FF7DF}.Release|x86.Build.0 = Release|Any CPU
		{8B4968A4-2253-40E3-B6CA-25C0F4C39DD3}.Debug|Any CPU.ActiveCfg = Debug|Any CPU
		{8B4968A4-2253-40E3-B6CA-25C0F4C39DD3}.Debug|Any CPU.Build.0 = Debug|Any CPU
		{8B4968A4-2253-40E3-B6CA-25C0F4C39DD3}.Debug|x64.ActiveCfg = Debug|x64
		{8B4968A4-2253-40E3-B6CA-25C0F4C39DD3}.Debug|x64.Build.0 = Debug|x64
		{8B4968A4-2253-40E3-B6CA-25C0F4C39DD3}.Debug|x86.ActiveCfg = Debug|Any CPU
		{8B4968A4-2253-40E3-B6CA-25C0F4C39DD3}.Debug|x86.Build.0 = Debug|Any CPU
		{8B4968A4-2253-40E3-B6CA-25C0F4C39DD3}.Release|Any CPU.ActiveCfg = Release|Any CPU
		{8B4968A4-2253-40E3-B6CA-25C0F4C39DD3}.Release|Any CPU.Build.0 = Release|Any CPU
		{8B4968A4-2253-40E3-B6CA-25C0F4C39DD3}.Release|x64.ActiveCfg = Release|x64
		{8B4968A4-2253-40E3-B6CA-25C0F4C39DD3}.Release|x64.Build.0 = Release|x64
		{8B4968A4-2253-40E3-B6CA-25C0F4C39DD3}.Release|x86.ActiveCfg = Release|Any CPU
		{8B4968A4-2253-40E3-B6CA-25C0F4C39DD3}.Release|x86.Build.0 = Release|Any CPU
		{54BA1FE8-1EF6-4E9B-B806-07B98A30CD4E}.Debug|Any CPU.ActiveCfg = Debug|Any CPU
		{54BA1FE8-1EF6-4E9B-B806-07B98A30CD4E}.Debug|Any CPU.Build.0 = Debug|Any CPU
		{54BA1FE8-1EF6-4E9B-B806-07B98A30CD4E}.Debug|x64.ActiveCfg = Debug|Any CPU
		{54BA1FE8-1EF6-4E9B-B806-07B98A30CD4E}.Debug|x86.ActiveCfg = Debug|Any CPU
		{54BA1FE8-1EF6-4E9B-B806-07B98A30CD4E}.Debug|x86.Build.0 = Debug|Any CPU
		{54BA1FE8-1EF6-4E9B-B806-07B98A30CD4E}.Release|Any CPU.ActiveCfg = Release|Any CPU
		{54BA1FE8-1EF6-4E9B-B806-07B98A30CD4E}.Release|Any CPU.Build.0 = Release|Any CPU
		{54BA1FE8-1EF6-4E9B-B806-07B98A30CD4E}.Release|x64.ActiveCfg = Release|Any CPU
		{54BA1FE8-1EF6-4E9B-B806-07B98A30CD4E}.Release|x86.ActiveCfg = Release|Any CPU
		{54BA1FE8-1EF6-4E9B-B806-07B98A30CD4E}.Release|x86.Build.0 = Release|Any CPU
		{EE11B037-2D65-4E53-8C9D-76120F1D6839}.Debug|Any CPU.ActiveCfg = Release|x86
		{EE11B037-2D65-4E53-8C9D-76120F1D6839}.Debug|x64.ActiveCfg = Debug|x86
		{EE11B037-2D65-4E53-8C9D-76120F1D6839}.Debug|x86.ActiveCfg = Debug|x86
		{EE11B037-2D65-4E53-8C9D-76120F1D6839}.Debug|x86.Build.0 = Debug|x86
		{EE11B037-2D65-4E53-8C9D-76120F1D6839}.Release|Any CPU.ActiveCfg = Release|x86
		{EE11B037-2D65-4E53-8C9D-76120F1D6839}.Release|x64.ActiveCfg = Release|x86
		{EE11B037-2D65-4E53-8C9D-76120F1D6839}.Release|x86.ActiveCfg = Release|x86
		{EE11B037-2D65-4E53-8C9D-76120F1D6839}.Release|x86.Build.0 = Release|x86
		{50CC7B3D-14C9-445D-ABB1-A8F59AF36423}.Debug|Any CPU.ActiveCfg = Release|x86
		{50CC7B3D-14C9-445D-ABB1-A8F59AF36423}.Debug|x64.ActiveCfg = Debug|x86
		{50CC7B3D-14C9-445D-ABB1-A8F59AF36423}.Debug|x86.ActiveCfg = Debug|x86
		{50CC7B3D-14C9-445D-ABB1-A8F59AF36423}.Debug|x86.Build.0 = Debug|x86
		{50CC7B3D-14C9-445D-ABB1-A8F59AF36423}.Release|Any CPU.ActiveCfg = Release|x86
		{50CC7B3D-14C9-445D-ABB1-A8F59AF36423}.Release|x64.ActiveCfg = Release|x86
		{50CC7B3D-14C9-445D-ABB1-A8F59AF36423}.Release|x86.ActiveCfg = Release|x86
		{50CC7B3D-14C9-445D-ABB1-A8F59AF36423}.Release|x86.Build.0 = Release|x86
	EndGlobalSection
	GlobalSection(SolutionProperties) = preSolution
		HideSolutionNode = FALSE
	EndGlobalSection
	GlobalSection(NestedProjects) = preSolution
		{5BAC05BD-2FD1-481C-A5F4-AF5FAB8AEBB0} = {087CA0B9-6567-4A55-8DB5-6DA723EF5CD0}
		{8C028812-6BE3-4188-B355-FAF8ECC929C2} = {087CA0B9-6567-4A55-8DB5-6DA723EF5CD0}
		{A9B3762E-7371-4662-8A34-C8E0A4D9B607} = {AA83322A-33E5-457F-AC66-9B727CBFD212}
		{FF7217F5-25EA-4323-B93B-B584AFF3B325} = {AA83322A-33E5-457F-AC66-9B727CBFD212}
		{7D2195B1-CACF-4AB4-9E54-9737CDC407C2} = {087CA0B9-6567-4A55-8DB5-6DA723EF5CD0}
		{47A7BA2D-B121-4494-B72B-8833DB8017F8} = {AA83322A-33E5-457F-AC66-9B727CBFD212}
		{35C1DB30-CEE9-4E11-8BD2-54C90A793349} = {AA83322A-33E5-457F-AC66-9B727CBFD212}
		{C736F6C6-E204-4375-BACA-68AE0CBCC15C} = {AA83322A-33E5-457F-AC66-9B727CBFD212}
		{C2C54B2A-7B05-4021-B0D3-4A652C56A6CD} = {087CA0B9-6567-4A55-8DB5-6DA723EF5CD0}
		{0E118E3E-48D8-4E50-B95B-CDC162882930} = {AA83322A-33E5-457F-AC66-9B727CBFD212}
		{03BC2178-CE67-4CDF-A9E5-9475A6698B02} = {AA83322A-33E5-457F-AC66-9B727CBFD212}
		{C5A9FE9E-60CC-4D12-88B6-CADABC1FF7DF} = {087CA0B9-6567-4A55-8DB5-6DA723EF5CD0}
		{8B4968A4-2253-40E3-B6CA-25C0F4C39DD3} = {AA83322A-33E5-457F-AC66-9B727CBFD212}
		{54BA1FE8-1EF6-4E9B-B806-07B98A30CD4E} = {11723303-9E82-482D-A808-6AF72FD37761}
		{EE11B037-2D65-4E53-8C9D-76120F1D6839} = {11723303-9E82-482D-A808-6AF72FD37761}
		{50CC7B3D-14C9-445D-ABB1-A8F59AF36423} = {11723303-9E82-482D-A808-6AF72FD37761}
	EndGlobalSection
	GlobalSection(ExtensibilityGlobals) = postSolution
		SolutionGuid = {426CB4C8-CAED-42EC-95A9-6C4D2A66F4D8}
	EndGlobalSection
EndGlobal
